
Microsoft Visual Studio Solution File, Format Version 12.00
# Visual Studio Version 17
VisualStudioVersion = 17.14.36109.1 d17.14
MinimumVisualStudioVersion = 10.0.40219.1
Project("{FAE04EC0-301F-11D3-BF4B-00C04F79EFBC}") = "ForeverLibRewrite", "ForeverLibRewrite.csproj", "{0845F946-58A7-48EC-B905-694A44D0BA8B}"
EndProject
Global
	GlobalSection(SolutionConfigurationPlatforms) = preSolution
		Debug|Any CPU = Debug|Any CPU
		Release|Any CPU = Release|Any CPU
	EndGlobalSection
	GlobalSection(ProjectConfigurationPlatforms) = postSolution
		{0845F946-58A7-48EC-B905-694A44D0BA8B}.Debug|Any CPU.ActiveCfg = Debug|Any CPU
		{0845F946-58A7-48EC-B905-694A44D0BA8B}.Debug|Any CPU.Build.0 = Debug|Any CPU
		{0845F946-58A7-48EC-B905-694A44D0BA8B}.Release|Any CPU.ActiveCfg = Release|Any CPU
		{0845F946-58A7-48EC-B905-694A44D0BA8B}.Release|Any CPU.Build.0 = Release|Any CPU
	EndGlobalSection
	GlobalSection(SolutionProperties) = preSolution
		HideSolutionNode = FALSE
	EndGlobalSection
	GlobalSection(ExtensibilityGlobals) = postSolution
		SolutionGuid = {8F2F2DDB-1B7D-4CBA-9C29-CA1273352F5A}
	EndGlobalSection
EndGlobal
